
Microsoft Visual Studio Solution File, Format Version 12.00
# Visual Studio Version 16
VisualStudioVersion = 16.0.28729.10
MinimumVisualStudioVersion = 10.0.40219.1
Project("{9A19103F-16F7-4668-BE54-9A1E7A4F7556}") = "cSharpPractice", "cSharpPractice\cSharpPractice.csproj", "{35B17CB8-64EA-468F-B6AC-FF548366DBC1}"
EndProject
Project("{FAE04EC0-301F-11D3-BF4B-00C04F79EFBC}") = "events", "events\events.csproj", "{96E9A83A-3918-4086-B80D-C51A0E9E650D}"
EndProject
Global
	GlobalSection(SolutionConfigurationPlatforms) = preSolution
		Debug|Any CPU = Debug|Any CPU
		Release|Any CPU = Release|Any CPU
	EndGlobalSection
	GlobalSection(ProjectConfigurationPlatforms) = postSolution
		{35B17CB8-64EA-468F-B6AC-FF548366DBC1}.Debug|Any CPU.ActiveCfg = Debug|Any CPU
		{35B17CB8-64EA-468F-B6AC-FF548366DBC1}.Debug|Any CPU.Build.0 = Debug|Any CPU
		{35B17CB8-64EA-468F-B6AC-FF548366DBC1}.Release|Any CPU.ActiveCfg = Release|Any CPU
		{35B17CB8-64EA-468F-B6AC-FF548366DBC1}.Release|Any CPU.Build.0 = Release|Any CPU
		{96E9A83A-3918-4086-B80D-C51A0E9E650D}.Debug|Any CPU.ActiveCfg = Debug|Any CPU
		{96E9A83A-3918-4086-B80D-C51A0E9E650D}.Debug|Any CPU.Build.0 = Debug|Any CPU
		{96E9A83A-3918-4086-B80D-C51A0E9E650D}.Release|Any CPU.ActiveCfg = Release|Any CPU
		{96E9A83A-3918-4086-B80D-C51A0E9E650D}.Release|Any CPU.Build.0 = Release|Any CPU
	EndGlobalSection
	GlobalSection(SolutionProperties) = preSolution
		HideSolutionNode = FALSE
	EndGlobalSection
	GlobalSection(ExtensibilityGlobals) = postSolution
		SolutionGuid = {52D54CB0-7CD9-4BAB-9005-571E58F5048A}
	EndGlobalSection
EndGlobal
